
Microsoft Visual Studio Solution File, Format Version 12.00
# Visual Studio Version 16
VisualStudioVersion = 16.0.30717.126
MinimumVisualStudioVersion = 10.0.40219.1
Project("{FAE04EC0-301F-11D3-BF4B-00C04F79EFBC}") = "FilesToJSON", "FilesToJSON\FilesToJSON.csproj", "{A74108A1-8036-44B2-8BD9-990428565658}"
EndProject
Global
	GlobalSection(SolutionConfigurationPlatforms) = preSolution
		Debug|Any CPU = Debug|Any CPU
		Release|Any CPU = Release|Any CPU
	EndGlobalSection
	GlobalSection(ProjectConfigurationPlatforms) = postSolution
		{A74108A1-8036-44B2-8BD9-990428565658}.Debug|Any CPU.ActiveCfg = Debug|Any CPU
		{A74108A1-8036-44B2-8BD9-990428565658}.Debug|Any CPU.Build.0 = Debug|Any CPU
		{A74108A1-8036-44B2-8BD9-990428565658}.Release|Any CPU.ActiveCfg = Release|Any CPU
		{A74108A1-8036-44B2-8BD9-990428565658}.Release|Any CPU.Build.0 = Release|Any CPU
	EndGlobalSection
	GlobalSection(SolutionProperties) = preSolution
		HideSolutionNode = FALSE
	EndGlobalSection
	GlobalSection(ExtensibilityGlobals) = postSolution
		SolutionGuid = {F7C2B113-42F4-48BB-B13C-14D281355700}
	EndGlobalSection
EndGlobal
